
Microsoft Visual Studio Solution File, Format Version 12.00
# Visual Studio Version 17
VisualStudioVersion = 17.4.33213.308
MinimumVisualStudioVersion = 10.0.40219.1
Project("{FAE04EC0-301F-11D3-BF4B-00C04F79EFBC}") = "Dados01", "Dados01\Dados01.csproj", "{3F0D779B-C8E6-4E6E-8010-EC0F0548BDE5}"
EndProject
Global
	GlobalSection(SolutionConfigurationPlatforms) = preSolution
		Debug|Any CPU = Debug|Any CPU
		Release|Any CPU = Release|Any CPU
	EndGlobalSection
	GlobalSection(ProjectConfigurationPlatforms) = postSolution
		{3F0D779B-C8E6-4E6E-8010-EC0F0548BDE5}.Debug|Any CPU.ActiveCfg = Debug|Any CPU
		{3F0D779B-C8E6-4E6E-8010-EC0F0548BDE5}.Debug|Any CPU.Build.0 = Debug|Any CPU
		{3F0D779B-C8E6-4E6E-8010-EC0F0548BDE5}.Release|Any CPU.ActiveCfg = Release|Any CPU
		{3F0D779B-C8E6-4E6E-8010-EC0F0548BDE5}.Release|Any CPU.Build.0 = Release|Any CPU
	EndGlobalSection
	GlobalSection(SolutionProperties) = preSolution
		HideSolutionNode = FALSE
	EndGlobalSection
	GlobalSection(ExtensibilityGlobals) = postSolution
		SolutionGuid = {96B45DEE-4928-4415-A61C-7012DC529042}
	EndGlobalSection
EndGlobal
